
Microsoft Visual Studio Solution File, Format Version 12.00
# Visual Studio 2013
VisualStudioVersion = 12.0.30110.0
MinimumVisualStudioVersion = 10.0.40219.1
Project("{FAE04EC0-301F-11D3-BF4B-00C04F79EFBC}") = "GameOfLife.GameObjects", "GameOfLife.GameObjects\GameOfLife.GameObjects.csproj", "{66E4B9E0-967A-47AF-ACD2-AF9CF6E5AE0C}"
EndProject
Project("{FAE04EC0-301F-11D3-BF4B-00C04F79EFBC}") = "GameOfLife.Tests", "GameOfLife.Tests\GameOfLife.Tests.csproj", "{226096D7-8295-422F-86F6-ADD65ABDE965}"
EndProject
Global
	GlobalSection(SolutionConfigurationPlatforms) = preSolution
		Debug|Any CPU = Debug|Any CPU
		Release|Any CPU = Release|Any CPU
	EndGlobalSection
	GlobalSection(ProjectConfigurationPlatforms) = postSolution
		{66E4B9E0-967A-47AF-ACD2-AF9CF6E5AE0C}.Debug|Any CPU.ActiveCfg = Debug|Any CPU
		{66E4B9E0-967A-47AF-ACD2-AF9CF6E5AE0C}.Debug|Any CPU.Build.0 = Debug|Any CPU
		{66E4B9E0-967A-47AF-ACD2-AF9CF6E5AE0C}.Release|Any CPU.ActiveCfg = Release|Any CPU
		{66E4B9E0-967A-47AF-ACD2-AF9CF6E5AE0C}.Release|Any CPU.Build.0 = Release|Any CPU
		{226096D7-8295-422F-86F6-ADD65ABDE965}.Debug|Any CPU.ActiveCfg = Debug|Any CPU
		{226096D7-8295-422F-86F6-ADD65ABDE965}.Debug|Any CPU.Build.0 = Debug|Any CPU
		{226096D7-8295-422F-86F6-ADD65ABDE965}.Release|Any CPU.ActiveCfg = Release|Any CPU
		{226096D7-8295-422F-86F6-ADD65ABDE965}.Release|Any CPU.Build.0 = Release|Any CPU
	EndGlobalSection
	GlobalSection(SolutionProperties) = preSolution
		HideSolutionNode = FALSE
	EndGlobalSection
EndGlobal
